
Microsoft Visual Studio Solution File, Format Version 12.00
# Visual Studio Version 17
VisualStudioVersion = 17.13.35828.75 d17.13
MinimumVisualStudioVersion = 10.0.40219.1
Project("{FAE04EC0-301F-11D3-BF4B-00C04F79EFBC}") = "34-practicum", "34-practicum\34-practicum.csproj", "{3D44638B-D5C8-40DA-8028-5A2924643C63}"
EndProject
Global
	GlobalSection(SolutionConfigurationPlatforms) = preSolution
		Debug|Any CPU = Debug|Any CPU
		Release|Any CPU = Release|Any CPU
	EndGlobalSection
	GlobalSection(ProjectConfigurationPlatforms) = postSolution
		{3D44638B-D5C8-40DA-8028-5A2924643C63}.Debug|Any CPU.ActiveCfg = Debug|Any CPU
		{3D44638B-D5C8-40DA-8028-5A2924643C63}.Debug|Any CPU.Build.0 = Debug|Any CPU
		{3D44638B-D5C8-40DA-8028-5A2924643C63}.Release|Any CPU.ActiveCfg = Release|Any CPU
		{3D44638B-D5C8-40DA-8028-5A2924643C63}.Release|Any CPU.Build.0 = Release|Any CPU
	EndGlobalSection
	GlobalSection(SolutionProperties) = preSolution
		HideSolutionNode = FALSE
	EndGlobalSection
	GlobalSection(ExtensibilityGlobals) = postSolution
		SolutionGuid = {8BB47367-E0A6-435F-B809-1C09EAA04E82}
	EndGlobalSection
EndGlobal
